
Microsoft Visual Studio Solution File, Format Version 12.00
# Visual Studio 15
VisualStudioVersion = 15.0.27428.2043
MinimumVisualStudioVersion = 10.0.40219.1
Project("{00D1A9C2-B5F0-4AF3-8072-F6C62B433612}") = "DBTransactions", "DBTransactions\DBTransactions.sqlproj", "{8DC93EDF-3DD1-4DED-ADCE-46FE731397B6}"
EndProject
Global
	GlobalSection(SolutionConfigurationPlatforms) = preSolution
		Debug|Any CPU = Debug|Any CPU
		Release|Any CPU = Release|Any CPU
	EndGlobalSection
	GlobalSection(ProjectConfigurationPlatforms) = postSolution
		{8DC93EDF-3DD1-4DED-ADCE-46FE731397B6}.Debug|Any CPU.ActiveCfg = Debug|Any CPU
		{8DC93EDF-3DD1-4DED-ADCE-46FE731397B6}.Debug|Any CPU.Build.0 = Debug|Any CPU
		{8DC93EDF-3DD1-4DED-ADCE-46FE731397B6}.Debug|Any CPU.Deploy.0 = Debug|Any CPU
		{8DC93EDF-3DD1-4DED-ADCE-46FE731397B6}.Release|Any CPU.ActiveCfg = Release|Any CPU
		{8DC93EDF-3DD1-4DED-ADCE-46FE731397B6}.Release|Any CPU.Build.0 = Release|Any CPU
		{8DC93EDF-3DD1-4DED-ADCE-46FE731397B6}.Release|Any CPU.Deploy.0 = Release|Any CPU
	EndGlobalSection
	GlobalSection(SolutionProperties) = preSolution
		HideSolutionNode = FALSE
	EndGlobalSection
	GlobalSection(ExtensibilityGlobals) = postSolution
		SolutionGuid = {B99883C9-50F6-47B4-BB2F-DB680BBE2ED1}
	EndGlobalSection
EndGlobal
